
Microsoft Visual Studio Solution File, Format Version 12.00
# Visual Studio 15
VisualStudioVersion = 15.0.26124.0
MinimumVisualStudioVersion = 15.0.26124.0
Project("{FAE04EC0-301F-11D3-BF4B-00C04F79EFBC}") = "Domain", "Domain\Domain.csproj", "{B902EF45-655C-40C9-A895-D28F12D6E2D9}"
EndProject
Project("{FAE04EC0-301F-11D3-BF4B-00C04F79EFBC}") = "Application", "Application\Application.csproj", "{A5619A23-35F7-45CC-B05E-D4C2E4F19B22}"
EndProject
Project("{FAE04EC0-301F-11D3-BF4B-00C04F79EFBC}") = "Persistence", "Persistence\Persistence.csproj", "{B5DA9043-EB35-4116-BBCE-72E25A644B2B}"
EndProject
Project("{FAE04EC0-301F-11D3-BF4B-00C04F79EFBC}") = "API", "API\API.csproj", "{BF7B9236-384D-4E87-ADB8-731999B84297}"
EndProject
Project("{FAE04EC0-301F-11D3-BF4B-00C04F79EFBC}") = "Infrastructure", "Infrastructure\Infrastructure.csproj", "{B884123F-C0AC-4101-A611-D809D1188B90}"
EndProject
Global
	GlobalSection(SolutionConfigurationPlatforms) = preSolution
		Debug|Any CPU = Debug|Any CPU
		Debug|x64 = Debug|x64
		Debug|x86 = Debug|x86
		Release|Any CPU = Release|Any CPU
		Release|x64 = Release|x64
		Release|x86 = Release|x86
	EndGlobalSection
	GlobalSection(SolutionProperties) = preSolution
		HideSolutionNode = FALSE
	EndGlobalSection
	GlobalSection(ProjectConfigurationPlatforms) = postSolution
		{B902EF45-655C-40C9-A895-D28F12D6E2D9}.Debug|Any CPU.ActiveCfg = Debug|Any CPU
		{B902EF45-655C-40C9-A895-D28F12D6E2D9}.Debug|Any CPU.Build.0 = Debug|Any CPU
		{B902EF45-655C-40C9-A895-D28F12D6E2D9}.Debug|x64.ActiveCfg = Debug|Any CPU
		{B902EF45-655C-40C9-A895-D28F12D6E2D9}.Debug|x64.Build.0 = Debug|Any CPU
		{B902EF45-655C-40C9-A895-D28F12D6E2D9}.Debug|x86.ActiveCfg = Debug|Any CPU
		{B902EF45-655C-40C9-A895-D28F12D6E2D9}.Debug|x86.Build.0 = Debug|Any CPU
		{B902EF45-655C-40C9-A895-D28F12D6E2D9}.Release|Any CPU.ActiveCfg = Release|Any CPU
		{B902EF45-655C-40C9-A895-D28F12D6E2D9}.Release|Any CPU.Build.0 = Release|Any CPU
		{B902EF45-655C-40C9-A895-D28F12D6E2D9}.Release|x64.ActiveCfg = Release|Any CPU
		{B902EF45-655C-40C9-A895-D28F12D6E2D9}.Release|x64.Build.0 = Release|Any CPU
		{B902EF45-655C-40C9-A895-D28F12D6E2D9}.Release|x86.ActiveCfg = Release|Any CPU
		{B902EF45-655C-40C9-A895-D28F12D6E2D9}.Release|x86.Build.0 = Release|Any CPU
		{A5619A23-35F7-45CC-B05E-D4C2E4F19B22}.Debug|Any CPU.ActiveCfg = Debug|Any CPU
		{A5619A23-35F7-45CC-B05E-D4C2E4F19B22}.Debug|Any CPU.Build.0 = Debug|Any CPU
		{A5619A23-35F7-45CC-B05E-D4C2E4F19B22}.Debug|x64.ActiveCfg = Debug|Any CPU
		{A5619A23-35F7-45CC-B05E-D4C2E4F19B22}.Debug|x64.Build.0 = Debug|Any CPU
		{A5619A23-35F7-45CC-B05E-D4C2E4F19B22}.Debug|x86.ActiveCfg = Debug|Any CPU
		{A5619A23-35F7-45CC-B05E-D4C2E4F19B22}.Debug|x86.Build.0 = Debug|Any CPU
		{A5619A23-35F7-45CC-B05E-D4C2E4F19B22}.Release|Any CPU.ActiveCfg = Release|Any CPU
		{A5619A23-35F7-45CC-B05E-D4C2E4F19B22}.Release|Any CPU.Build.0 = Release|Any CPU
		{A5619A23-35F7-45CC-B05E-D4C2E4F19B22}.Release|x64.ActiveCfg = Release|Any CPU
		{A5619A23-35F7-45CC-B05E-D4C2E4F19B22}.Release|x64.Build.0 = Release|Any CPU
		{A5619A23-35F7-45CC-B05E-D4C2E4F19B22}.Release|x86.ActiveCfg = Release|Any CPU
		{A5619A23-35F7-45CC-B05E-D4C2E4F19B22}.Release|x86.Build.0 = Release|Any CPU
		{B5DA9043-EB35-4116-BBCE-72E25A644B2B}.Debug|Any CPU.ActiveCfg = Debug|Any CPU
		{B5DA9043-EB35-4116-BBCE-72E25A644B2B}.Debug|Any CPU.Build.0 = Debug|Any CPU
		{B5DA9043-EB35-4116-BBCE-72E25A644B2B}.Debug|x64.ActiveCfg = Debug|Any CPU
		{B5DA9043-EB35-4116-BBCE-72E25A644B2B}.Debug|x64.Build.0 = Debug|Any CPU
		{B5DA9043-EB35-4116-BBCE-72E25A644B2B}.Debug|x86.ActiveCfg = Debug|Any CPU
		{B5DA9043-EB35-4116-BBCE-72E25A644B2B}.Debug|x86.Build.0 = Debug|Any CPU
		{B5DA9043-EB35-4116-BBCE-72E25A644B2B}.Release|Any CPU.ActiveCfg = Release|Any CPU
		{B5DA9043-EB35-4116-BBCE-72E25A644B2B}.Release|Any CPU.Build.0 = Release|Any CPU
		{B5DA9043-EB35-4116-BBCE-72E25A644B2B}.Release|x64.ActiveCfg = Release|Any CPU
		{B5DA9043-EB35-4116-BBCE-72E25A644B2B}.Release|x64.Build.0 = Release|Any CPU
		{B5DA9043-EB35-4116-BBCE-72E25A644B2B}.Release|x86.ActiveCfg = Release|Any CPU
		{B5DA9043-EB35-4116-BBCE-72E25A644B2B}.Release|x86.Build.0 = Release|Any CPU
		{BF7B9236-384D-4E87-ADB8-731999B84297}.Debug|Any CPU.ActiveCfg = Debug|Any CPU
		{BF7B9236-384D-4E87-ADB8-731999B84297}.Debug|Any CPU.Build.0 = Debug|Any CPU
		{BF7B9236-384D-4E87-ADB8-731999B84297}.Debug|x64.ActiveCfg = Debug|Any CPU
		{BF7B9236-384D-4E87-ADB8-731999B84297}.Debug|x64.Build.0 = Debug|Any CPU
		{BF7B9236-384D-4E87-ADB8-731999B84297}.Debug|x86.ActiveCfg = Debug|Any CPU
		{BF7B9236-384D-4E87-ADB8-731999B84297}.Debug|x86.Build.0 = Debug|Any CPU
		{BF7B9236-384D-4E87-ADB8-731999B84297}.Release|Any CPU.ActiveCfg = Release|Any CPU
		{BF7B9236-384D-4E87-ADB8-731999B84297}.Release|Any CPU.Build.0 = Release|Any CPU
		{BF7B9236-384D-4E87-ADB8-731999B84297}.Release|x64.ActiveCfg = Release|Any CPU
		{BF7B9236-384D-4E87-ADB8-731999B84297}.Release|x64.Build.0 = Release|Any CPU
		{BF7B9236-384D-4E87-ADB8-731999B84297}.Release|x86.ActiveCfg = Release|Any CPU
		{BF7B9236-384D-4E87-ADB8-731999B84297}.Release|x86.Build.0 = Release|Any CPU
		{B884123F-C0AC-4101-A611-D809D1188B90}.Debug|Any CPU.ActiveCfg = Debug|Any CPU
		{B884123F-C0AC-4101-A611-D809D1188B90}.Debug|Any CPU.Build.0 = Debug|Any CPU
		{B884123F-C0AC-4101-A611-D809D1188B90}.Debug|x64.ActiveCfg = Debug|Any CPU
		{B884123F-C0AC-4101-A611-D809D1188B90}.Debug|x64.Build.0 = Debug|Any CPU
		{B884123F-C0AC-4101-A611-D809D1188B90}.Debug|x86.ActiveCfg = Debug|Any CPU
		{B884123F-C0AC-4101-A611-D809D1188B90}.Debug|x86.Build.0 = Debug|Any CPU
		{B884123F-C0AC-4101-A611-D809D1188B90}.Release|Any CPU.ActiveCfg = Release|Any CPU
		{B884123F-C0AC-4101-A611-D809D1188B90}.Release|Any CPU.Build.0 = Release|Any CPU
		{B884123F-C0AC-4101-A611-D809D1188B90}.Release|x64.ActiveCfg = Release|Any CPU
		{B884123F-C0AC-4101-A611-D809D1188B90}.Release|x64.Build.0 = Release|Any CPU
		{B884123F-C0AC-4101-A611-D809D1188B90}.Release|x86.ActiveCfg = Release|Any CPU
		{B884123F-C0AC-4101-A611-D809D1188B90}.Release|x86.Build.0 = Release|Any CPU
	EndGlobalSection
EndGlobal
